
Microsoft Visual Studio Solution File, Format Version 12.00
# Visual Studio Version 16
VisualStudioVersion = 16.0.30128.74
MinimumVisualStudioVersion = 10.0.40219.1
Project("{FAE04EC0-301F-11D3-BF4B-00C04F79EFBC}") = "WebAPITEST", "WebAPITEST\WebAPITEST.csproj", "{FD8BE335-6988-4012-80CE-82D2EC5792C5}"
EndProject
Global
	GlobalSection(SolutionConfigurationPlatforms) = preSolution
		Debug|Any CPU = Debug|Any CPU
		Release|Any CPU = Release|Any CPU
	EndGlobalSection
	GlobalSection(ProjectConfigurationPlatforms) = postSolution
		{FD8BE335-6988-4012-80CE-82D2EC5792C5}.Debug|Any CPU.ActiveCfg = Debug|Any CPU
		{FD8BE335-6988-4012-80CE-82D2EC5792C5}.Debug|Any CPU.Build.0 = Debug|Any CPU
		{FD8BE335-6988-4012-80CE-82D2EC5792C5}.Release|Any CPU.ActiveCfg = Release|Any CPU
		{FD8BE335-6988-4012-80CE-82D2EC5792C5}.Release|Any CPU.Build.0 = Release|Any CPU
	EndGlobalSection
	GlobalSection(SolutionProperties) = preSolution
		HideSolutionNode = FALSE
	EndGlobalSection
	GlobalSection(ExtensibilityGlobals) = postSolution
		SolutionGuid = {2BD60989-B5AE-4C6F-93A7-3C638558E398}
	EndGlobalSection
EndGlobal
